// !$*UTF8*$!
{
	archiveVersion = 1;
	classes = {
	};
	objectVersion = 51;
	objects = {

/* Begin PBXBuildFile section */
		18AD470EE8E14E07BAF64503 /* amplifyconfiguration.json in Resources */ = {isa = PBXBuildFile; fileRef = D76835A01D02422295B79D51 /* amplifyconfiguration.json */; };
		8A0DB0CE260BD9B30070D3DF /* cognitoApp.swift in Sources */ = {isa = PBXBuildFile; fileRef = 8A0DB0CD260BD9B30070D3DF /* cognitoApp.swift */; };
		8A0DB0D0260BD9B30070D3DF /* ContentView.swift in Sources */ = {isa = PBXBuildFile; fileRef = 8A0DB0CF260BD9B30070D3DF /* ContentView.swift */; };
		8A0DB0D2260BD9B90070D3DF /* Assets.xcassets in Resources */ = {isa = PBXBuildFile; fileRef = 8A0DB0D1260BD9B90070D3DF /* Assets.xcassets */; };
		8A0DB0D5260BD9B90070D3DF /* Preview Assets.xcassets in Resources */ = {isa = PBXBuildFile; fileRef = 8A0DB0D4260BD9B90070D3DF /* Preview Assets.xcassets */; };
		8AA65F8D260C2959007885BA /* SignUp.swift in Sources */ = {isa = PBXBuildFile; fileRef = 8AA65F8C260C2959007885BA /* SignUp.swift */; };
		8AA65F90260D578B007885BA /* LoginView.swift in Sources */ = {isa = PBXBuildFile; fileRef = 8AA65F8F260D578B007885BA /* LoginView.swift */; };
		C51493781C69403C8C281AC5 /* awsconfiguration.json in Resources */ = {isa = PBXBuildFile; fileRef = B905CB79A0ED4BF4B684C315 /* awsconfiguration.json */; };
		F2FB4A349AB9F8D1EA0B8F50 /* Pods_cognito.framework in Frameworks */ = {isa = PBXBuildFile; fileRef = 339958447ACB371257148DBF /* Pods_cognito.framework */; };
/* End PBXBuildFile section */

/* Begin PBXFileReference section */
		117CAEF9E6AC4475777D61D1 /* Pods-cognito.debug.xcconfig */ = {isa = PBXFileReference; includeInIndex = 1; lastKnownFileType = text.xcconfig; name = "Pods-cognito.debug.xcconfig"; path = "Target Support Files/Pods-cognito/Pods-cognito.debug.xcconfig"; sourceTree = "<group>"; };
		339958447ACB371257148DBF /* Pods_cognito.framework */ = {isa = PBXFileReference; explicitFileType = wrapper.framework; includeInIndex = 0; path = Pods_cognito.framework; sourceTree = BUILT_PRODUCTS_DIR; };
		3F9A7DC442C940EDAE47C9F2 /* amplifytools.xcconfig */ = {isa = PBXFileReference; explicitFileType = undefined; fileEncoding = 4; includeInIndex = 0; lastKnownFileType = text.xcconfig; path = amplifytools.xcconfig; sourceTree = "<group>"; };
		8A0DB0CA260BD9B30070D3DF /* cognito.app */ = {isa = PBXFileReference; explicitFileType = wrapper.application; includeInIndex = 0; path = cognito.app; sourceTree = BUILT_PRODUCTS_DIR; };
		8A0DB0CD260BD9B30070D3DF /* cognitoApp.swift */ = {isa = PBXFileReference; lastKnownFileType = sourcecode.swift; path = cognitoApp.swift; sourceTree = "<group>"; };
		8A0DB0CF260BD9B30070D3DF /* ContentView.swift */ = {isa = PBXFileReference; lastKnownFileType = sourcecode.swift; path = ContentView.swift; sourceTree = "<group>"; };
		8A0DB0D1260BD9B90070D3DF /* Assets.xcassets */ = {isa = PBXFileReference; lastKnownFileType = folder.assetcatalog; path = Assets.xcassets; sourceTree = "<group>"; };
		8A0DB0D4260BD9B90070D3DF /* Preview Assets.xcassets */ = {isa = PBXFileReference; lastKnownFileType = folder.assetcatalog; path = "Preview Assets.xcassets"; sourceTree = "<group>"; };
		8A0DB0D6260BD9B90070D3DF /* Info.plist */ = {isa = PBXFileReference; lastKnownFileType = text.plist.xml; path = Info.plist; sourceTree = "<group>"; };
		8AA65F8C260C2959007885BA /* SignUp.swift */ = {isa = PBXFileReference; lastKnownFileType = sourcecode.swift; path = SignUp.swift; sourceTree = "<group>"; };
		8AA65F8F260D578B007885BA /* LoginView.swift */ = {isa = PBXFileReference; lastKnownFileType = sourcecode.swift; path = LoginView.swift; sourceTree = "<group>"; };
		B905CB79A0ED4BF4B684C315 /* awsconfiguration.json */ = {isa = PBXFileReference; explicitFileType = undefined; fileEncoding = 9; includeInIndex = 0; lastKnownFileType = unknown; path = awsconfiguration.json; sourceTree = "<group>"; };
		D76835A01D02422295B79D51 /* amplifyconfiguration.json */ = {isa = PBXFileReference; explicitFileType = undefined; fileEncoding = 9; includeInIndex = 0; lastKnownFileType = unknown; path = amplifyconfiguration.json; sourceTree = "<group>"; };
		EE56132D981A47FA9E8F28BB /* Pods-cognito.release.xcconfig */ = {isa = PBXFileReference; includeInIndex = 1; lastKnownFileType = text.xcconfig; name = "Pods-cognito.release.xcconfig"; path = "Target Support Files/Pods-cognito/Pods-cognito.release.xcconfig"; sourceTree = "<group>"; };
/* End PBXFileReference section */

/* Begin PBXFrameworksBuildPhase section */
		8A0DB0C7260BD9B30070D3DF /* Frameworks */ = {
			isa = PBXFrameworksBuildPhase;
			buildActionMask = 2147483647;
			files = (
				F2FB4A349AB9F8D1EA0B8F50 /* Pods_cognito.framework in Frameworks */,
			);
			runOnlyForDeploymentPostprocessing = 0;
		};
/* End PBXFrameworksBuildPhase section */

/* Begin PBXGroup section */
		061EF47E019316C495D3AA96 /* Pods */ = {
			isa = PBXGroup;
			children = (
				117CAEF9E6AC4475777D61D1 /* Pods-cognito.debug.xcconfig */,
				EE56132D981A47FA9E8F28BB /* Pods-cognito.release.xcconfig */,
			);
			path = Pods;
			sourceTree = "<group>";
		};
		39B31A2AE571E9C72BEFF8EA /* Frameworks */ = {
			isa = PBXGroup;
			children = (
				339958447ACB371257148DBF /* Pods_cognito.framework */,
			);
			name = Frameworks;
			sourceTree = "<group>";
		};
		8A0DB0C1260BD9B30070D3DF = {
			isa = PBXGroup;
			children = (
				992CDABE1BC74AF0B91EAD37 /* AmplifyConfig */,
				8A0DB0CC260BD9B30070D3DF /* cognito */,
				8A0DB0CB260BD9B30070D3DF /* Products */,
				061EF47E019316C495D3AA96 /* Pods */,
				39B31A2AE571E9C72BEFF8EA /* Frameworks */,
			);
			sourceTree = "<group>";
		};
		8A0DB0CB260BD9B30070D3DF /* Products */ = {
			isa = PBXGroup;
			children = (
				8A0DB0CA260BD9B30070D3DF /* cognito.app */,
			);
			name = Products;
			sourceTree = "<group>";
		};
		8A0DB0CC260BD9B30070D3DF /* cognito */ = {
			isa = PBXGroup;
			children = (
				8A0DB0CD260BD9B30070D3DF /* cognitoApp.swift */,
				8AA65F8C260C2959007885BA /* SignUp.swift */,
				8A0DB0CF260BD9B30070D3DF /* ContentView.swift */,
				8AA65F8F260D578B007885BA /* LoginView.swift */,
				8A0DB0D1260BD9B90070D3DF /* Assets.xcassets */,
				8A0DB0D6260BD9B90070D3DF /* Info.plist */,
				8A0DB0D3260BD9B90070D3DF /* Preview Content */,
			);
			path = cognito;
			sourceTree = "<group>";
		};
		8A0DB0D3260BD9B90070D3DF /* Preview Content */ = {
			isa = PBXGroup;
			children = (
				8A0DB0D4260BD9B90070D3DF /* Preview Assets.xcassets */,
			);
			path = "Preview Content";
			sourceTree = "<group>";
		};
		992CDABE1BC74AF0B91EAD37 /* AmplifyConfig */ = {
			isa = PBXGroup;
			children = (
				3F9A7DC442C940EDAE47C9F2 /* amplifytools.xcconfig */,
				D76835A01D02422295B79D51 /* amplifyconfiguration.json */,
				B905CB79A0ED4BF4B684C315 /* awsconfiguration.json */,
			);
			name = AmplifyConfig;
			path = .;
			sourceTree = "<group>";
		};
/* End PBXGroup section */

/* Begin PBXNativeTarget section */
		8A0DB0C9260BD9B30070D3DF /* cognito */ = {
			isa = PBXNativeTarget;
			buildConfigurationList = 8A0DB0D9260BD9B90070D3DF /* Build configuration list for PBXNativeTarget "cognito" */;
			buildPhases = (
				90E77BCB2F99C6A789731687 /* [CP] Check Pods Manifest.lock */,
				8A0DB0C6260BD9B30070D3DF /* Sources */,
				8A0DB0C7260BD9B30070D3DF /* Frameworks */,
				8A0DB0C8260BD9B30070D3DF /* Resources */,
				D8EFB19E61AB0B285F2DABC2 /* [CP] Embed Pods Frameworks */,
			);
			buildRules = (
			);
			dependencies = (
			);
			name = cognito;
			productName = cognito;
			productReference = 8A0DB0CA260BD9B30070D3DF /* cognito.app */;
			productType = "com.apple.product-type.application";
		};
/* End PBXNativeTarget section */

/* Begin PBXProject section */
		8A0DB0C2260BD9B30070D3DF /* Project object */ = {
			isa = PBXProject;
			attributes = {
				LastSwiftUpdateCheck = 1240;
				LastUpgradeCheck = 1240;
				TargetAttributes = {
					8A0DB0C9260BD9B30070D3DF = {
						CreatedOnToolsVersion = 12.4;
					};
				};
			};
			buildConfigurationList = 8A0DB0C5260BD9B30070D3DF /* Build configuration list for PBXProject "cognito" */;
			compatibilityVersion = "Xcode 9.3";
			developmentRegion = en;
			hasScannedForEncodings = 0;
			knownRegions = (
				en,
				Base,
			);
			mainGroup = 8A0DB0C1260BD9B30070D3DF;
			productRefGroup = 8A0DB0CB260BD9B30070D3DF /* Products */;
			projectDirPath = "";
			projectRoot = "";
			targets = (
				8A0DB0C9260BD9B30070D3DF /* cognito */,
			);
		};
/* End PBXProject section */

/* Begin PBXResourcesBuildPhase section */
		8A0DB0C8260BD9B30070D3DF /* Resources */ = {
			isa = PBXResourcesBuildPhase;
			buildActionMask = 2147483647;
			files = (
				8A0DB0D5260BD9B90070D3DF /* Preview Assets.xcassets in Resources */,
				8A0DB0D2260BD9B90070D3DF /* Assets.xcassets in Resources */,
				18AD470EE8E14E07BAF64503 /* amplifyconfiguration.json in Resources */,
				C51493781C69403C8C281AC5 /* awsconfiguration.json in Resources */,
			);
			runOnlyForDeploymentPostprocessing = 0;
		};
/* End PBXResourcesBuildPhase section */

/* Begin PBXShellScriptBuildPhase section */
		90E77BCB2F99C6A789731687 /* [CP] Check Pods Manifest.lock */ = {
			isa = PBXShellScriptBuildPhase;
			buildActionMask = 2147483647;
			files = (
			);
			inputFileListPaths = (
			);
			inputPaths = (
				"${PODS_PODFILE_DIR_PATH}/Podfile.lock",
				"${PODS_ROOT}/Manifest.lock",
			);
			name = "[CP] Check Pods Manifest.lock";
			outputFileListPaths = (
			);
			outputPaths = (
				"$(DERIVED_FILE_DIR)/Pods-cognito-checkManifestLockResult.txt",
			);
			runOnlyForDeploymentPostprocessing = 0;
			shellPath = /bin/sh;
			shellScript = "diff \"${PODS_PODFILE_DIR_PATH}/Podfile.lock\" \"${PODS_ROOT}/Manifest.lock\" > /dev/null\nif [ $? != 0 ] ; then\n    # print error to STDERR\n    echo \"error: The sandbox is not in sync with the Podfile.lock. Run 'pod install' or update your CocoaPods installation.\" >&2\n    exit 1\nfi\n# This output is used by Xcode 'outputs' to avoid re-running this script phase.\necho \"SUCCESS\" > \"${SCRIPT_OUTPUT_FILE_0}\"\n";
			showEnvVarsInLog = 0;
		};
		D8EFB19E61AB0B285F2DABC2 /* [CP] Embed Pods Frameworks */ = {
			isa = PBXShellScriptBuildPhase;
			buildActionMask = 2147483647;
			files = (
			);
			inputFileListPaths = (
				"${PODS_ROOT}/Target Support Files/Pods-cognito/Pods-cognito-frameworks-${CONFIGURATION}-input-files.xcfilelist",
			);
			name = "[CP] Embed Pods Frameworks";
			outputFileListPaths = (
				"${PODS_ROOT}/Target Support Files/Pods-cognito/Pods-cognito-frameworks-${CONFIGURATION}-output-files.xcfilelist",
			);
			runOnlyForDeploymentPostprocessing = 0;
			shellPath = /bin/sh;
			shellScript = "\"${PODS_ROOT}/Target Support Files/Pods-cognito/Pods-cognito-frameworks.sh\"\n";
			showEnvVarsInLog = 0;
		};
/* End PBXShellScriptBuildPhase section */

/* Begin PBXSourcesBuildPhase section */
		8A0DB0C6260BD9B30070D3DF /* Sources */ = {
			isa = PBXSourcesBuildPhase;
			buildActionMask = 2147483647;
			files = (
				8A0DB0D0260BD9B30070D3DF /* ContentView.swift in Sources */,
				8AA65F8D260C2959007885BA /* SignUp.swift in Sources */,
				8AA65F90260D578B007885BA /* LoginView.swift in Sources */,
				8A0DB0CE260BD9B30070D3DF /* cognitoApp.swift in Sources */,
			);
			runOnlyForDeploymentPostprocessing = 0;
		};
/* End PBXSourcesBuildPhase section */

/* Begin XCBuildConfiguration section */
		8A0DB0D7260BD9B90070D3DF /* Debug */ = {
			isa = XCBuildConfiguration;
			buildSettings = {
				ALWAYS_SEARCH_USER_PATHS = NO;
				CLANG_ANALYZER_NONNULL = YES;
				CLANG_ANALYZER_NUMBER_OBJECT_CONVERSION = YES_AGGRESSIVE;
				CLANG_CXX_LANGUAGE_STANDARD = "gnu++14";
				CLANG_CXX_LIBRARY = "libc++";
				CLANG_ENABLE_MODULES = YES;
				CLANG_ENABLE_OBJC_ARC = YES;
				CLANG_ENABLE_OBJC_WEAK = YES;
				CLANG_WARN_BLOCK_CAPTURE_AUTORELEASING = YES;
				CLANG_WARN_BOOL_CONVERSION = YES;
				CLANG_WARN_COMMA = YES;
				CLANG_WARN_CONSTANT_CONVERSION = YES;
				CLANG_WARN_DEPRECATED_OBJC_IMPLEMENTATIONS = YES;
				CLANG_WARN_DIRECT_OBJC_ISA_USAGE = YES_ERROR;
				CLANG_WARN_DOCUMENTATION_COMMENTS = YES;
				CLANG_WARN_EMPTY_BODY = YES;
				CLANG_WARN_ENUM_CONVERSION = YES;
				CLANG_WARN_INFINITE_RECURSION = YES;
				CLANG_WARN_INT_CONVERSION = YES;
				CLANG_WARN_NON_LITERAL_NULL_CONVERSION = YES;
				CLANG_WARN_OBJC_IMPLICIT_RETAIN_SELF = YES;
				CLANG_WARN_OBJC_LITERAL_CONVERSION = YES;
				CLANG_WARN_OBJC_ROOT_CLASS = YES_ERROR;
				CLANG_WARN_QUOTED_INCLUDE_IN_FRAMEWORK_HEADER = YES;
				CLANG_WARN_RANGE_LOOP_ANALYSIS = YES;
				CLANG_WARN_STRICT_PROTOTYPES = YES;
				CLANG_WARN_SUSPICIOUS_MOVE = YES;
				CLANG_WARN_UNGUARDED_AVAILABILITY = YES_AGGRESSIVE;
				CLANG_WARN_UNREACHABLE_CODE = YES;
				CLANG_WARN__DUPLICATE_METHOD_MATCH = YES;
				COPY_PHASE_STRIP = NO;
				DEBUG_INFORMATION_FORMAT = dwarf;
				ENABLE_STRICT_OBJC_MSGSEND = YES;
				ENABLE_TESTABILITY = YES;
				GCC_C_LANGUAGE_STANDARD = gnu11;
				GCC_DYNAMIC_NO_PIC = NO;
				GCC_NO_COMMON_BLOCKS = YES;
				GCC_OPTIMIZATION_LEVEL = 0;
				GCC_PREPROCESSOR_DEFINITIONS = (
					"DEBUG=1",
					"$(inherited)",
				);
				GCC_WARN_64_TO_32_BIT_CONVERSION = YES;
				GCC_WARN_ABOUT_RETURN_TYPE = YES_ERROR;
				GCC_WARN_UNDECLARED_SELECTOR = YES;
				GCC_WARN_UNINITIALIZED_AUTOS = YES_AGGRESSIVE;
				GCC_WARN_UNUSED_FUNCTION = YES;
				GCC_WARN_UNUSED_VARIABLE = YES;
				IPHONEOS_DEPLOYMENT_TARGET = 14.4;
				MTL_ENABLE_DEBUG_INFO = INCLUDE_SOURCE;
				MTL_FAST_MATH = YES;
				ONLY_ACTIVE_ARCH = YES;
				SDKROOT = iphoneos;
				SWIFT_ACTIVE_COMPILATION_CONDITIONS = DEBUG;
				SWIFT_OPTIMIZATION_LEVEL = "-Onone";
			};
			name = Debug;
		};
		8A0DB0D8260BD9B90070D3DF /* Release */ = {
			isa = XCBuildConfiguration;
			buildSettings = {
				ALWAYS_SEARCH_USER_PATHS = NO;
				CLANG_ANALYZER_NONNULL = YES;
				CLANG_ANALYZER_NUMBER_OBJECT_CONVERSION = YES_AGGRESSIVE;
				CLANG_CXX_LANGUAGE_STANDARD = "gnu++14";
				CLANG_CXX_LIBRARY = "libc++";
				CLANG_ENABLE_MODULES = YES;
				CLANG_ENABLE_OBJC_ARC = YES;
				CLANG_ENABLE_OBJC_WEAK = YES;
				CLANG_WARN_BLOCK_CAPTURE_AUTORELEASING = YES;
				CLANG_WARN_BOOL_CONVERSION = YES;
				CLANG_WARN_COMMA = YES;
				CLANG_WARN_CONSTANT_CONVERSION = YES;
				CLANG_WARN_DEPRECATED_OBJC_IMPLEMENTATIONS = YES;
				CLANG_WARN_DIRECT_OBJC_ISA_USAGE = YES_ERROR;
				CLANG_WARN_DOCUMENTATION_COMMENTS = YES;
				CLANG_WARN_EMPTY_BODY = YES;
				CLANG_WARN_ENUM_CONVERSION = YES;
				CLANG_WARN_INFINITE_RECURSION = YES;
				CLANG_WARN_INT_CONVERSION = YES;
				CLANG_WARN_NON_LITERAL_NULL_CONVERSION = YES;
				CLANG_WARN_OBJC_IMPLICIT_RETAIN_SELF = YES;
				CLANG_WARN_OBJC_LITERAL_CONVERSION = YES;
				CLANG_WARN_OBJC_ROOT_CLASS = YES_ERROR;
				CLANG_WARN_QUOTED_INCLUDE_IN_FRAMEWORK_HEADER = YES;
				CLANG_WARN_RANGE_LOOP_ANALYSIS = YES;
				CLANG_WARN_STRICT_PROTOTYPES = YES;
				CLANG_WARN_SUSPICIOUS_MOVE = YES;
				CLANG_WARN_UNGUARDED_AVAILABILITY = YES_AGGRESSIVE;
				CLANG_WARN_UNREACHABLE_CODE = YES;
				CLANG_WARN__DUPLICATE_METHOD_MATCH = YES;
				COPY_PHASE_STRIP = NO;
				DEBUG_INFORMATION_FORMAT = "dwarf-with-dsym";
				ENABLE_NS_ASSERTIONS = NO;
				ENABLE_STRICT_OBJC_MSGSEND = YES;
				GCC_C_LANGUAGE_STANDARD = gnu11;
				GCC_NO_COMMON_BLOCKS = YES;
				GCC_WARN_64_TO_32_BIT_CONVERSION = YES;
				GCC_WARN_ABOUT_RETURN_TYPE = YES_ERROR;
				GCC_WARN_UNDECLARED_SELECTOR = YES;
				GCC_WARN_UNINITIALIZED_AUTOS = YES_AGGRESSIVE;
				GCC_WARN_UNUSED_FUNCTION = YES;
				GCC_WARN_UNUSED_VARIABLE = YES;
				IPHONEOS_DEPLOYMENT_TARGET = 14.4;
				MTL_ENABLE_DEBUG_INFO = NO;
				MTL_FAST_MATH = YES;
				SDKROOT = iphoneos;
				SWIFT_COMPILATION_MODE = wholemodule;
				SWIFT_OPTIMIZATION_LEVEL = "-O";
				VALIDATE_PRODUCT = YES;
			};
			name = Release;
		};
		8A0DB0DA260BD9B90070D3DF /* Debug */ = {
			isa = XCBuildConfiguration;
			baseConfigurationReference = 117CAEF9E6AC4475777D61D1 /* Pods-cognito.debug.xcconfig */;
			buildSettings = {
				ASSETCATALOG_COMPILER_APPICON_NAME = AppIcon;
				ASSETCATALOG_COMPILER_GLOBAL_ACCENT_COLOR_NAME = AccentColor;
				CODE_SIGN_STYLE = Automatic;
				DEVELOPMENT_ASSET_PATHS = "\"cognito/Preview Content\"";
				DEVELOPMENT_TEAM = U92X7B795N;
				ENABLE_PREVIEWS = YES;
				INFOPLIST_FILE = cognito/Info.plist;
				IPHONEOS_DEPLOYMENT_TARGET = 14.0;
				LD_RUNPATH_SEARCH_PATHS = (
					"$(inherited)",
					"@executable_path/Frameworks",
				);
				PRODUCT_BUNDLE_IDENTIFIER = com.framirez.cognito;
				PRODUCT_NAME = "$(TARGET_NAME)";
				SWIFT_VERSION = 5.0;
				TARGETED_DEVICE_FAMILY = "1,2";
			};
			name = Debug;
		};
		8A0DB0DB260BD9B90070D3DF /* Release */ = {
			isa = XCBuildConfiguration;
			baseConfigurationReference = EE56132D981A47FA9E8F28BB /* Pods-cognito.release.xcconfig */;
			buildSettings = {
				ASSETCATALOG_COMPILER_APPICON_NAME = AppIcon;
				ASSETCATALOG_COMPILER_GLOBAL_ACCENT_COLOR_NAME = AccentColor;
				CODE_SIGN_STYLE = Automatic;
				DEVELOPMENT_ASSET_PATHS = "\"cognito/Preview Content\"";
				DEVELOPMENT_TEAM = U92X7B795N;
				ENABLE_PREVIEWS = YES;
				INFOPLIST_FILE = cognito/Info.plist;
				IPHONEOS_DEPLOYMENT_TARGET = 14.0;
				LD_RUNPATH_SEARCH_PATHS = (
					"$(inherited)",
					"@executable_path/Frameworks",
				);
				PRODUCT_BUNDLE_IDENTIFIER = com.framirez.cognito;
				PRODUCT_NAME = "$(TARGET_NAME)";
				SWIFT_VERSION = 5.0;
				TARGETED_DEVICE_FAMILY = "1,2";
			};
			name = Release;
		};
/* End XCBuildConfiguration section */

/* Begin XCConfigurationList section */
		8A0DB0C5260BD9B30070D3DF /* Build configuration list for PBXProject "cognito" */ = {
			isa = XCConfigurationList;
			buildConfigurations = (
				8A0DB0D7260BD9B90070D3DF /* Debug */,
				8A0DB0D8260BD9B90070D3DF /* Release */,
			);
			defaultConfigurationIsVisible = 0;
			defaultConfigurationName = Release;
		};
		8A0DB0D9260BD9B90070D3DF /* Build configuration list for PBXNativeTarget "cognito" */ = {
			isa = XCConfigurationList;
			buildConfigurations = (
				8A0DB0DA260BD9B90070D3DF /* Debug */,
				8A0DB0DB260BD9B90070D3DF /* Release */,
			);
			defaultConfigurationIsVisible = 0;
			defaultConfigurationName = Release;
		};
/* End XCConfigurationList section */
	};
	rootObject = 8A0DB0C2260BD9B30070D3DF /* Project object */;
}
